
Microsoft Visual Studio Solution File, Format Version 12.00
# Visual Studio Version 17
VisualStudioVersion = 17.9.34407.89
MinimumVisualStudioVersion = 10.0.40219.1
Project("{FAE04EC0-301F-11D3-BF4B-00C04F79EFBC}") = "DotNet8MediatR.WebApi", "DotNet8MediatR.WebApi\DotNet8MediatR.WebApi.csproj", "{83FD1153-12F5-458B-8042-FF2DBCE9DDCE}"
EndProject
Global
	GlobalSection(SolutionConfigurationPlatforms) = preSolution
		Debug|Any CPU = Debug|Any CPU
		Release|Any CPU = Release|Any CPU
	EndGlobalSection
	GlobalSection(ProjectConfigurationPlatforms) = postSolution
		{83FD1153-12F5-458B-8042-FF2DBCE9DDCE}.Debug|Any CPU.ActiveCfg = Debug|Any CPU
		{83FD1153-12F5-458B-8042-FF2DBCE9DDCE}.Debug|Any CPU.Build.0 = Debug|Any CPU
		{83FD1153-12F5-458B-8042-FF2DBCE9DDCE}.Release|Any CPU.ActiveCfg = Release|Any CPU
		{83FD1153-12F5-458B-8042-FF2DBCE9DDCE}.Release|Any CPU.Build.0 = Release|Any CPU
	EndGlobalSection
	GlobalSection(SolutionProperties) = preSolution
		HideSolutionNode = FALSE
	EndGlobalSection
	GlobalSection(ExtensibilityGlobals) = postSolution
		SolutionGuid = {2A5188B1-4154-4F16-BC53-7128566FD8F6}
	EndGlobalSection
EndGlobal
