
Microsoft Visual Studio Solution File, Format Version 12.00
# Visual Studio Version 17
VisualStudioVersion = 17.9.34407.89
MinimumVisualStudioVersion = 10.0.40219.1
Project("{9A19103F-16F7-4668-BE54-9A1E7A4F7556}") = "DotNet8MediatR.WebApi", "DotNet8MediatR.WebApi\DotNet8MediatR.WebApi.csproj", "{83FD1153-12F5-458B-8042-FF2DBCE9DDCE}"
EndProject
Project("{2150E333-8FDC-42A3-9474-1A3956D46DE8}") = "Documents", "Documents", "{8BFE74BC-CB48-47BA-9795-038823F338A0}"
	ProjectSection(SolutionItems) = preProject
		README.md = README.md
	EndProjectSection
EndProject
Project("{9A19103F-16F7-4668-BE54-9A1E7A4F7556}") = "DotNet8MediatR.Atm", "DotNet8MediatR.Atm\DotNet8MediatR.Atm.csproj", "{84832A5F-88B4-45F3-99BA-D24AC6BA71A7}"
EndProject
Project("{9A19103F-16F7-4668-BE54-9A1E7A4F7556}") = "DotNet8MediatR.Db", "DotNet8MediatR.Db\DotNet8MediatR.Db.csproj", "{66A9AD90-351F-4B16-9284-11CBE731C93E}"
EndProject
Project("{9A19103F-16F7-4668-BE54-9A1E7A4F7556}") = "DotNet8MediatR.Models", "DotNet8MediatR.Models\DotNet8MediatR.Models.csproj", "{AAD9D73C-AEC1-4BD6-8FF0-D934B2D85CDD}"
EndProject
Project("{9A19103F-16F7-4668-BE54-9A1E7A4F7556}") = "DotNet8MediatR.Shared", "DotNet8MediatR.Shared\DotNet8MediatR.Shared.csproj", "{423312F9-C861-49D0-8FC2-65A1C8F51A9D}"
EndProject
Project("{FAE04EC0-301F-11D3-BF4B-00C04F79EFBC}") = "DotNet8MediatR.User", "DotNet8MediatR.User\DotNet8MediatR.User.csproj", "{E84C9CED-4434-46C8-9D27-ED3AAE970AC2}"
EndProject
Project("{2150E333-8FDC-42A3-9474-1A3956D46DE8}") = "Modules", "Modules", "{27AFC434-51EE-4EF1-B768-50C94BF1F457}"
EndProject
Project("{2150E333-8FDC-42A3-9474-1A3956D46DE8}") = "Others", "Others", "{CE4390BF-C707-409A-A3B8-0267B721EBE8}"
EndProject
Project("{2150E333-8FDC-42A3-9474-1A3956D46DE8}") = "Db", "Db", "{E97629DE-2629-4416-8B1A-F1433EB4CF70}"
EndProject
Global
	GlobalSection(SolutionConfigurationPlatforms) = preSolution
		Debug|Any CPU = Debug|Any CPU
		Release|Any CPU = Release|Any CPU
	EndGlobalSection
	GlobalSection(ProjectConfigurationPlatforms) = postSolution
		{83FD1153-12F5-458B-8042-FF2DBCE9DDCE}.Debug|Any CPU.ActiveCfg = Debug|Any CPU
		{83FD1153-12F5-458B-8042-FF2DBCE9DDCE}.Debug|Any CPU.Build.0 = Debug|Any CPU
		{83FD1153-12F5-458B-8042-FF2DBCE9DDCE}.Release|Any CPU.ActiveCfg = Release|Any CPU
		{83FD1153-12F5-458B-8042-FF2DBCE9DDCE}.Release|Any CPU.Build.0 = Release|Any CPU
		{84832A5F-88B4-45F3-99BA-D24AC6BA71A7}.Debug|Any CPU.ActiveCfg = Debug|Any CPU
		{84832A5F-88B4-45F3-99BA-D24AC6BA71A7}.Debug|Any CPU.Build.0 = Debug|Any CPU
		{84832A5F-88B4-45F3-99BA-D24AC6BA71A7}.Release|Any CPU.ActiveCfg = Release|Any CPU
		{84832A5F-88B4-45F3-99BA-D24AC6BA71A7}.Release|Any CPU.Build.0 = Release|Any CPU
		{66A9AD90-351F-4B16-9284-11CBE731C93E}.Debug|Any CPU.ActiveCfg = Debug|Any CPU
		{66A9AD90-351F-4B16-9284-11CBE731C93E}.Debug|Any CPU.Build.0 = Debug|Any CPU
		{66A9AD90-351F-4B16-9284-11CBE731C93E}.Release|Any CPU.ActiveCfg = Release|Any CPU
		{66A9AD90-351F-4B16-9284-11CBE731C93E}.Release|Any CPU.Build.0 = Release|Any CPU
		{AAD9D73C-AEC1-4BD6-8FF0-D934B2D85CDD}.Debug|Any CPU.ActiveCfg = Debug|Any CPU
		{AAD9D73C-AEC1-4BD6-8FF0-D934B2D85CDD}.Debug|Any CPU.Build.0 = Debug|Any CPU
		{AAD9D73C-AEC1-4BD6-8FF0-D934B2D85CDD}.Release|Any CPU.ActiveCfg = Release|Any CPU
		{AAD9D73C-AEC1-4BD6-8FF0-D934B2D85CDD}.Release|Any CPU.Build.0 = Release|Any CPU
		{423312F9-C861-49D0-8FC2-65A1C8F51A9D}.Debug|Any CPU.ActiveCfg = Debug|Any CPU
		{423312F9-C861-49D0-8FC2-65A1C8F51A9D}.Debug|Any CPU.Build.0 = Debug|Any CPU
		{423312F9-C861-49D0-8FC2-65A1C8F51A9D}.Release|Any CPU.ActiveCfg = Release|Any CPU
		{423312F9-C861-49D0-8FC2-65A1C8F51A9D}.Release|Any CPU.Build.0 = Release|Any CPU
		{E84C9CED-4434-46C8-9D27-ED3AAE970AC2}.Debug|Any CPU.ActiveCfg = Debug|Any CPU
		{E84C9CED-4434-46C8-9D27-ED3AAE970AC2}.Debug|Any CPU.Build.0 = Debug|Any CPU
		{E84C9CED-4434-46C8-9D27-ED3AAE970AC2}.Release|Any CPU.ActiveCfg = Release|Any CPU
		{E84C9CED-4434-46C8-9D27-ED3AAE970AC2}.Release|Any CPU.Build.0 = Release|Any CPU
	EndGlobalSection
	GlobalSection(SolutionProperties) = preSolution
		HideSolutionNode = FALSE
	EndGlobalSection
	GlobalSection(ExtensibilityGlobals) = postSolution
		SolutionGuid = {2A5188B1-4154-4F16-BC53-7128566FD8F6}
	EndGlobalSection
	GlobalSection(NestedProjects) = preSolution
		{E84C9CED-4434-46C8-9D27-ED3AAE970AC2} = {27AFC434-51EE-4EF1-B768-50C94BF1F457}
		{84832A5F-88B4-45F3-99BA-D24AC6BA71A7} = {27AFC434-51EE-4EF1-B768-50C94BF1F457}
		{AAD9D73C-AEC1-4BD6-8FF0-D934B2D85CDD} = {CE4390BF-C707-409A-A3B8-0267B721EBE8}
		{423312F9-C861-49D0-8FC2-65A1C8F51A9D} = {CE4390BF-C707-409A-A3B8-0267B721EBE8}
		{66A9AD90-351F-4B16-9284-11CBE731C93E} = {E97629DE-2629-4416-8B1A-F1433EB4CF70}
	EndGlobalSection
EndGlobal
